
Microsoft Visual Studio Solution File, Format Version 12.00
# Visual Studio Version 17
VisualStudioVersion = 17.5.002.0
MinimumVisualStudioVersion = 10.0.40219.1
Project("{9A19103F-16F7-4668-BE54-9A1E7A4F7556}") = "Ordenador3Numeros", "Ordenador3Numeros\Ordenador3Numeros.csproj", "{B34B6BE8-5825-4DCB-992A-496D533C29D2}"
EndProject
Global
	GlobalSection(SolutionConfigurationPlatforms) = preSolution
		Debug|Any CPU = Debug|Any CPU
		Release|Any CPU = Release|Any CPU
	EndGlobalSection
	GlobalSection(ProjectConfigurationPlatforms) = postSolution
		{B34B6BE8-5825-4DCB-992A-496D533C29D2}.Debug|Any CPU.ActiveCfg = Debug|Any CPU
		{B34B6BE8-5825-4DCB-992A-496D533C29D2}.Debug|Any CPU.Build.0 = Debug|Any CPU
		{B34B6BE8-5825-4DCB-992A-496D533C29D2}.Release|Any CPU.ActiveCfg = Release|Any CPU
		{B34B6BE8-5825-4DCB-992A-496D533C29D2}.Release|Any CPU.Build.0 = Release|Any CPU
	EndGlobalSection
	GlobalSection(SolutionProperties) = preSolution
		HideSolutionNode = FALSE
	EndGlobalSection
	GlobalSection(ExtensibilityGlobals) = postSolution
		SolutionGuid = {D18F4897-5A05-402B-A997-8B97E31C21B3}
	EndGlobalSection
EndGlobal
